
Microsoft Visual Studio Solution File, Format Version 12.00
# Visual Studio Version 16
VisualStudioVersion = 16.0.31702.278
MinimumVisualStudioVersion = 10.0.40219.1
Project("{FAE04EC0-301F-11D3-BF4B-00C04F79EFBC}") = "Homework10T1", "Homework10T1.csproj", "{BADCA867-E876-4AC0-BBD7-AEFE81757926}"
EndProject
Global
	GlobalSection(SolutionConfigurationPlatforms) = preSolution
		Debug|Any CPU = Debug|Any CPU
		Release|Any CPU = Release|Any CPU
	EndGlobalSection
	GlobalSection(ProjectConfigurationPlatforms) = postSolution
		{BADCA867-E876-4AC0-BBD7-AEFE81757926}.Debug|Any CPU.ActiveCfg = Debug|Any CPU
		{BADCA867-E876-4AC0-BBD7-AEFE81757926}.Debug|Any CPU.Build.0 = Debug|Any CPU
		{BADCA867-E876-4AC0-BBD7-AEFE81757926}.Release|Any CPU.ActiveCfg = Release|Any CPU
		{BADCA867-E876-4AC0-BBD7-AEFE81757926}.Release|Any CPU.Build.0 = Release|Any CPU
	EndGlobalSection
	GlobalSection(SolutionProperties) = preSolution
		HideSolutionNode = FALSE
	EndGlobalSection
	GlobalSection(ExtensibilityGlobals) = postSolution
		SolutionGuid = {C6B8CAE6-73F6-47E1-AAE3-97C567AC6DA9}
	EndGlobalSection
EndGlobal
